
Microsoft Visual Studio Solution File, Format Version 12.00
# Visual Studio Version 17
VisualStudioVersion = 17.11.35219.272
MinimumVisualStudioVersion = 10.0.40219.1
Project("{FAE04EC0-301F-11D3-BF4B-00C04F79EFBC}") = "Listintelefono2", "Listintelefono2\Listintelefono2.csproj", "{8EC30936-85E7-44CB-A286-EEEE5E9A7215}"
EndProject
Global
	GlobalSection(SolutionConfigurationPlatforms) = preSolution
		Debug|Any CPU = Debug|Any CPU
		Release|Any CPU = Release|Any CPU
	EndGlobalSection
	GlobalSection(ProjectConfigurationPlatforms) = postSolution
		{8EC30936-85E7-44CB-A286-EEEE5E9A7215}.Debug|Any CPU.ActiveCfg = Debug|Any CPU
		{8EC30936-85E7-44CB-A286-EEEE5E9A7215}.Debug|Any CPU.Build.0 = Debug|Any CPU
		{8EC30936-85E7-44CB-A286-EEEE5E9A7215}.Release|Any CPU.ActiveCfg = Release|Any CPU
		{8EC30936-85E7-44CB-A286-EEEE5E9A7215}.Release|Any CPU.Build.0 = Release|Any CPU
	EndGlobalSection
	GlobalSection(SolutionProperties) = preSolution
		HideSolutionNode = FALSE
	EndGlobalSection
	GlobalSection(ExtensibilityGlobals) = postSolution
		SolutionGuid = {B579F1AF-F07F-4972-A299-DC4537DEEDAE}
	EndGlobalSection
EndGlobal
