
Microsoft Visual Studio Solution File, Format Version 12.00
# Visual Studio Version 17
VisualStudioVersion = 17.11.35219.272
MinimumVisualStudioVersion = 10.0.40219.1
Project("{FAE04EC0-301F-11D3-BF4B-00C04F79EFBC}") = "EjemploBinariaBusqueda", "EjemploBinariaBusqueda\EjemploBinariaBusqueda.csproj", "{C59C61F3-3FDF-45DD-B8CC-6D4242435BA2}"
EndProject
Global
	GlobalSection(SolutionConfigurationPlatforms) = preSolution
		Debug|Any CPU = Debug|Any CPU
		Release|Any CPU = Release|Any CPU
	EndGlobalSection
	GlobalSection(ProjectConfigurationPlatforms) = postSolution
		{C59C61F3-3FDF-45DD-B8CC-6D4242435BA2}.Debug|Any CPU.ActiveCfg = Debug|Any CPU
		{C59C61F3-3FDF-45DD-B8CC-6D4242435BA2}.Debug|Any CPU.Build.0 = Debug|Any CPU
		{C59C61F3-3FDF-45DD-B8CC-6D4242435BA2}.Release|Any CPU.ActiveCfg = Release|Any CPU
		{C59C61F3-3FDF-45DD-B8CC-6D4242435BA2}.Release|Any CPU.Build.0 = Release|Any CPU
	EndGlobalSection
	GlobalSection(SolutionProperties) = preSolution
		HideSolutionNode = FALSE
	EndGlobalSection
	GlobalSection(ExtensibilityGlobals) = postSolution
		SolutionGuid = {D40E1D3D-4D84-40F0-A5AF-7F4C844A3444}
	EndGlobalSection
EndGlobal
